
Microsoft Visual Studio Solution File, Format Version 12.00
# Visual Studio 15
VisualStudioVersion = 15.0.27703.2018
MinimumVisualStudioVersion = 10.0.40219.1
Project("{2150E333-8FDC-42A3-9474-1A3956D46DE8}") = "Solution Items", "Solution Items", "{068B010E-3AF3-4491-A819-F24FA0AE74BC}"
EndProject
Project("{9A19103F-16F7-4668-BE54-9A1E7A4F7556}") = "PS.Nop.Plugin.ExternalAuth.Google", "PS.Nop.Plugin.ExternalAuth.Google\PS.Nop.Plugin.ExternalAuth.Google.csproj", "{1E88B890-5D31-4004-B269-7659BE471E3B}"
EndProject
Global
	GlobalSection(SolutionConfigurationPlatforms) = preSolution
		Debug|Any CPU = Debug|Any CPU
		Release|Any CPU = Release|Any CPU
	EndGlobalSection
	GlobalSection(ProjectConfigurationPlatforms) = postSolution
		{1E88B890-5D31-4004-B269-7659BE471E3B}.Debug|Any CPU.ActiveCfg = Debug|Any CPU
		{1E88B890-5D31-4004-B269-7659BE471E3B}.Debug|Any CPU.Build.0 = Debug|Any CPU
		{1E88B890-5D31-4004-B269-7659BE471E3B}.Release|Any CPU.ActiveCfg = Release|Any CPU
		{1E88B890-5D31-4004-B269-7659BE471E3B}.Release|Any CPU.Build.0 = Release|Any CPU
	EndGlobalSection
	GlobalSection(SolutionProperties) = preSolution
		HideSolutionNode = FALSE
	EndGlobalSection
	GlobalSection(NestedProjects) = preSolution
		{1E88B890-5D31-4004-B269-7659BE471E3B} = {068B010E-3AF3-4491-A819-F24FA0AE74BC}
	EndGlobalSection
	GlobalSection(ExtensibilityGlobals) = postSolution
		SolutionGuid = {DD0909B5-DB9B-4A14-BAA6-25A14D006555}
	EndGlobalSection
EndGlobal
